Terraform used the selected providers to generate the following execution plan. Resource actions are indicated with the following symbols:
  + create
-/+ destroy and then create replacement

Terraform will perform the following actions:

  # google_storage_bucket_object.files_count[1] must be replaced
-/+ resource "google_storage_bucket_object" "files_count" {
      ~ content          = (sensitive value) # forces replacement
      ~ content_type     = "text/plain; charset=utf-8" -> (known after apply)
      ~ crc32c           = "q/9rbQ==" -> (known after apply)
      ~ detect_md5hash   = "0OMAfO0JF0Nr9pjeLIuhkw==" -> "different hash" # forces replacement
      - event_based_hold = false -> null
      ~ id               = "trainer-20230925-config-prod-count" -> (known after apply)
      + kms_key_name     = (known after apply)
      ~ md5hash          = "0OMAfO0JF0Nr9pjeLIuhkw==" -> (known after apply)
      ~ media_link       = "https://storage.googleapis.com/download/storage/v1/b/trainer-20230925/o/config-prod-count?generation=1695932109869603&alt=media" -> (known after apply)
      - metadata         = {} -> null
      ~ name             = "config-prod-count" -> "config-pp-count" # forces replacement
      ~ output_name      = "config-prod-count" -> (known after apply)
      ~ self_link        = "https://www.googleapis.com/storage/v1/b/trainer-20230925/o/config-prod-count" -> (known after apply)
      ~ storage_class    = "STANDARD" -> (known after apply)
      - temporary_hold   = false -> null
        # (1 unchanged attribute hidden)
    }

  # google_storage_bucket_object.files_count[2] will be created
  + resource "google_storage_bucket_object" "files_count" {
      + bucket         = "trainer-20230925"
      + content        = (sensitive value)
      + content_type   = (known after apply)
      + crc32c         = (known after apply)
      + detect_md5hash = "different hash"
      + id             = (known after apply)
      + kms_key_name   = (known after apply)
      + md5hash        = (known after apply)
      + media_link     = (known after apply)
      + name           = "config-prod-count"
      + output_name    = (known after apply)
      + self_link      = (known after apply)
      + storage_class  = (known after apply)
    }

  # google_storage_bucket_object.files_for_each["config-pp"] will be created
  + resource "google_storage_bucket_object" "files_for_each" {
      + bucket         = "trainer-20230925"
      + content        = (sensitive value)
      + content_type   = (known after apply)
      + crc32c         = (known after apply)
      + detect_md5hash = "different hash"
      + id             = (known after apply)
      + kms_key_name   = (known after apply)
      + md5hash        = (known after apply)
      + media_link     = (known after apply)
      + name           = "config-pp-for_each"
      + output_name    = (known after apply)
      + self_link      = (known after apply)
      + storage_class  = (known after apply)
    }

Plan: 3 to add, 0 to change, 1 to destroy.

Changes to Outputs:
  ~ foo_count_res    = (sensitive value)
  ~ foo_for_each_res = (sensitive value)